
Microsoft Visual Studio Solution File, Format Version 12.00
# Visual Studio Version 16
VisualStudioVersion = 16.0.34407.143
MinimumVisualStudioVersion = 10.0.40219.1
Project("{FAE04EC0-301F-11D3-BF4B-00C04F79EFBC}") = "Sports_Club", "FIFA_Team\Sports_Club.csproj", "{3E977C1B-3A31-4DDA-8B91-3E3F1B1B67CA}"
EndProject
Global
	GlobalSection(SolutionConfigurationPlatforms) = preSolution
		Debug|Any CPU = Debug|Any CPU
		Release|Any CPU = Release|Any CPU
	EndGlobalSection
	GlobalSection(ProjectConfigurationPlatforms) = postSolution
		{3E977C1B-3A31-4DDA-8B91-3E3F1B1B67CA}.Debug|Any CPU.ActiveCfg = Debug|Any CPU
		{3E977C1B-3A31-4DDA-8B91-3E3F1B1B67CA}.Debug|Any CPU.Build.0 = Debug|Any CPU
		{3E977C1B-3A31-4DDA-8B91-3E3F1B1B67CA}.Release|Any CPU.ActiveCfg = Release|Any CPU
		{3E977C1B-3A31-4DDA-8B91-3E3F1B1B67CA}.Release|Any CPU.Build.0 = Release|Any CPU
	EndGlobalSection
	GlobalSection(SolutionProperties) = preSolution
		HideSolutionNode = FALSE
	EndGlobalSection
	GlobalSection(ExtensibilityGlobals) = postSolution
		SolutionGuid = {F934C7DD-DA49-44DF-BF3D-5143D133430E}
	EndGlobalSection
EndGlobal
